// !$*UTF8*$!
{
	archiveVersion = 1;
	classes = {
	};
	objectVersion = 46;
	objects = {

/* Begin PBXBuildFile section */
		DD6B6B241EF4EE3D00F3D1BC /* AppDelegate.swift in Sources */ = {isa = PBXBuildFile; fileRef = DD6B6B231EF4EE3D00F3D1BC /* AppDelegate.swift */; };
		DD6B6B261EF4EE3D00F3D1BC /* ViewController.swift in Sources */ = {isa = PBXBuildFile; fileRef = DD6B6B251EF4EE3D00F3D1BC /* ViewController.swift */; };
		DD6B6B291EF4EE3D00F3D1BC /* Main.storyboard in Resources */ = {isa = PBXBuildFile; fileRef = DD6B6B271EF4EE3D00F3D1BC /* Main.storyboard */; };
		DD6B6B2B1EF4EE3D00F3D1BC /* Assets.xcassets in Resources */ = {isa = PBXBuildFile; fileRef = DD6B6B2A1EF4EE3D00F3D1BC /* Assets.xcassets */; };
		DD6B6B2E1EF4EE3D00F3D1BC /* LaunchScreen.storyboard in Resources */ = {isa = PBXBuildFile; fileRef = DD6B6B2C1EF4EE3D00F3D1BC /* LaunchScreen.storyboard */; };
/* End PBXBuildFile section */

/* Begin PBXFileReference section */
		DD6B6B201EF4EE3D00F3D1BC /* Crow Cam.app */ = {isa = PBXFileReference; explicitFileType = wrapper.application; includeInIndex = 0; path = "Crow Cam.app"; sourceTree = BUILT_PRODUCTS_DIR; };
		DD6B6B231EF4EE3D00F3D1BC /* AppDelegate.swift */ = {isa = PBXFileReference; lastKnownFileType = sourcecode.swift; path = AppDelegate.swift; sourceTree = "<group>"; };
		DD6B6B251EF4EE3D00F3D1BC /* ViewController.swift */ = {isa = PBXFileReference; lastKnownFileType = sourcecode.swift; path = ViewController.swift; sourceTree = "<group>"; };
		DD6B6B281EF4EE3D00F3D1BC /* Base */ = {isa = PBXFileReference; lastKnownFileType = file.storyboard; name = Base; path = Base.lproj/Main.storyboard; sourceTree = "<group>"; };
		DD6B6B2A1EF4EE3D00F3D1BC /* Assets.xcassets */ = {isa = PBXFileReference; lastKnownFileType = folder.assetcatalog; path = Assets.xcassets; sourceTree = "<group>"; };
		DD6B6B2D1EF4EE3D00F3D1BC /* Base */ = {isa = PBXFileReference; lastKnownFileType = file.storyboard; name = Base; path = Base.lproj/LaunchScreen.storyboard; sourceTree = "<group>"; };
		DD6B6B2F1EF4EE3D00F3D1BC /* Info.plist */ = {isa = PBXFileReference; lastKnownFileType = text.plist.xml; path = Info.plist; sourceTree = "<group>"; };
/* End PBXFileReference section */

/* Begin PBXFrameworksBuildPhase section */
		DD6B6B1D1EF4EE3D00F3D1BC /* Frameworks */ = {
			isa = PBXFrameworksBuildPhase;
			buildActionMask = 2147483647;
			files = (
			);
			runOnlyForDeploymentPostprocessing = 0;
		};
/* End PBXFrameworksBuildPhase section */

/* Begin PBXGroup section */
		DD6B6B171EF4EE3D00F3D1BC = {
			isa = PBXGroup;
			children = (
				DD6B6B221EF4EE3D00F3D1BC /* Crow Cam */,
				DD6B6B211EF4EE3D00F3D1BC /* Products */,
			);
			sourceTree = "<group>";
		};
		DD6B6B211EF4EE3D00F3D1BC /* Products */ = {
			isa = PBXGroup;
			children = (
				DD6B6B201EF4EE3D00F3D1BC /* Crow Cam.app */,
			);
			name = Products;
			sourceTree = "<group>";
		};
		DD6B6B221EF4EE3D00F3D1BC /* Crow Cam */ = {
			isa = PBXGroup;
			children = (
				DD6B6B231EF4EE3D00F3D1BC /* AppDelegate.swift */,
				DD6B6B251EF4EE3D00F3D1BC /* ViewController.swift */,
				DD6B6B271EF4EE3D00F3D1BC /* Main.storyboard */,
				DD6B6B2A1EF4EE3D00F3D1BC /* Assets.xcassets */,
				DD6B6B2C1EF4EE3D00F3D1BC /* LaunchScreen.storyboard */,
				DD6B6B2F1EF4EE3D00F3D1BC /* Info.plist */,
			);
			path = "Crow Cam";
			sourceTree = "<group>";
		};
/* End PBXGroup section */

/* Begin PBXNativeTarget section */
		DD6B6B1F1EF4EE3D00F3D1BC /* Crow Cam */ = {
			isa = PBXNativeTarget;
			buildConfigurationList = DD6B6B321EF4EE3D00F3D1BC /* Build configuration list for PBXNativeTarget "Crow Cam" */;
			buildPhases = (
				DD6B6B1C1EF4EE3D00F3D1BC /* Sources */,
				DD6B6B1D1EF4EE3D00F3D1BC /* Frameworks */,
				DD6B6B1E1EF4EE3D00F3D1BC /* Resources */,
			);
			buildRules = (
			);
			dependencies = (
			);
			name = "Crow Cam";
			productName = "Crow Cam";
			productReference = DD6B6B201EF4EE3D00F3D1BC /* Crow Cam.app */;
			productType = "com.apple.product-type.application";
		};
/* End PBXNativeTarget section */

/* Begin PBXProject section */
		DD6B6B181EF4EE3D00F3D1BC /* Project object */ = {
			isa = PBXProject;
			attributes = {
				LastSwiftUpdateCheck = 0830;
				LastUpgradeCheck = 0830;
				ORGANIZATIONNAME = "Sean Osborne";
				TargetAttributes = {
					DD6B6B1F1EF4EE3D00F3D1BC = {
						CreatedOnToolsVersion = 8.3.3;
						ProvisioningStyle = Automatic;
					};
				};
			};
			buildConfigurationList = DD6B6B1B1EF4EE3D00F3D1BC /* Build configuration list for PBXProject "Crow Cam" */;
			compatibilityVersion = "Xcode 3.2";
			developmentRegion = English;
			hasScannedForEncodings = 0;
			knownRegions = (
				en,
				Base,
			);
			mainGroup = DD6B6B171EF4EE3D00F3D1BC;
			productRefGroup = DD6B6B211EF4EE3D00F3D1BC /* Products */;
			projectDirPath = "";
			projectRoot = "";
			targets = (
				DD6B6B1F1EF4EE3D00F3D1BC /* Crow Cam */,
			);
		};
/* End PBXProject section */

/* Begin PBXResourcesBuildPhase section */
		DD6B6B1E1EF4EE3D00F3D1BC /* Resources */ = {
			isa = PBXResourcesBuildPhase;
			buildActionMask = 2147483647;
			files = (
				DD6B6B2E1EF4EE3D00F3D1BC /* LaunchScreen.storyboard in Resources */,
				DD6B6B2B1EF4EE3D00F3D1BC /* Assets.xcassets in Resources */,
				DD6B6B291EF4EE3D00F3D1BC /* Main.storyboard in Resources */,
			);
			runOnlyForDeploymentPostprocessing = 0;
		};
/* End PBXResourcesBuildPhase section */

/* Begin PBXSourcesBuildPhase section */
		DD6B6B1C1EF4EE3D00F3D1BC /* Sources */ = {
			isa = PBXSourcesBuildPhase;
			buildActionMask = 2147483647;
			files = (
				DD6B6B261EF4EE3D00F3D1BC /* ViewController.swift in Sources */,
				DD6B6B241EF4EE3D00F3D1BC /* AppDelegate.swift in Sources */,
			);
			runOnlyForDeploymentPostprocessing = 0;
		};
/* End PBXSourcesBuildPhase section */

/* Begin PBXVariantGroup section */
		DD6B6B271EF4EE3D00F3D1BC /* Main.storyboard */ = {
			isa = PBXVariantGroup;
			children = (
				DD6B6B281EF4EE3D00F3D1BC /* Base */,
			);
			name = Main.storyboard;
			sourceTree = "<group>";
		};
		DD6B6B2C1EF4EE3D00F3D1BC /* LaunchScreen.storyboard */ = {
			isa = PBXVariantGroup;
			children = (
				DD6B6B2D1EF4EE3D00F3D1BC /* Base */,
			);
			name = LaunchScreen.storyboard;
			sourceTree = "<group>";
		};
/* End PBXVariantGroup section */

/* Begin XCBuildConfiguration section */
		DD6B6B301EF4EE3D00F3D1BC /* Debug */ = {
			isa = XCBuildConfiguration;
			buildSettings = {
				ALWAYS_SEARCH_USER_PATHS = NO;
				CLANG_ANALYZER_NONNULL = YES;
				CLANG_ANALYZER_NUMBER_OBJECT_CONVERSION = YES_AGGRESSIVE;
				CLANG_CXX_LANGUAGE_STANDARD = "gnu++0x";
				CLANG_CXX_LIBRARY = "libc++";
				CLANG_ENABLE_MODULES = YES;
				CLANG_ENABLE_OBJC_ARC = YES;
				CLANG_WARN_BOOL_CONVERSION = YES;
				CLANG_WARN_CONSTANT_CONVERSION = YES;
				CLANG_WARN_DIRECT_OBJC_ISA_USAGE = YES_ERROR;
				CLANG_WARN_DOCUMENTATION_COMMENTS = YES;
				CLANG_WARN_EMPTY_BODY = YES;
				CLANG_WARN_ENUM_CONVERSION = YES;
				CLANG_WARN_INFINITE_RECURSION = YES;
				CLANG_WARN_INT_CONVERSION = YES;
				CLANG_WARN_OBJC_ROOT_CLASS = YES_ERROR;
				CLANG_WARN_SUSPICIOUS_MOVE = YES;
				CLANG_WARN_UNREACHABLE_CODE = YES;
				CLANG_WARN__DUPLICATE_METHOD_MATCH = YES;
				"CODE_SIGN_IDENTITY[sdk=iphoneos*]" = "iPhone Developer";
				COPY_PHASE_STRIP = NO;
				DEBUG_INFORMATION_FORMAT = dwarf;
				ENABLE_STRICT_OBJC_MSGSEND = YES;
				ENABLE_TESTABILITY = YES;
				GCC_C_LANGUAGE_STANDARD = gnu99;
				GCC_DYNAMIC_NO_PIC = NO;
				GCC_NO_COMMON_BLOCKS = YES;
				GCC_OPTIMIZATION_LEVEL = 0;
				GCC_PREPROCESSOR_DEFINITIONS = (
					"DEBUG=1",
					"$(inherited)",
				);
				GCC_WARN_64_TO_32_BIT_CONVERSION = YES;
				GCC_WARN_ABOUT_RETURN_TYPE = YES_ERROR;
				GCC_WARN_UNDECLARED_SELECTOR = YES;
				GCC_WARN_UNINITIALIZED_AUTOS = YES_AGGRESSIVE;
				GCC_WARN_UNUSED_FUNCTION = YES;
				GCC_WARN_UNUSED_VARIABLE = YES;
				IPHONEOS_DEPLOYMENT_TARGET = 10.3;
				MTL_ENABLE_DEBUG_INFO = YES;
				ONLY_ACTIVE_ARCH = YES;
				SDKROOT = iphoneos;
				SWIFT_ACTIVE_COMPILATION_CONDITIONS = DEBUG;
				SWIFT_OPTIMIZATION_LEVEL = "-Onone";
				TARGETED_DEVICE_FAMILY = "1,2";
			};
			name = Debug;
		};
		DD6B6B311EF4EE3D00F3D1BC /* Release */ = {
			isa = XCBuildConfiguration;
			buildSettings = {
				ALWAYS_SEARCH_USER_PATHS = NO;
				CLANG_ANALYZER_NONNULL = YES;
				CLANG_ANALYZER_NUMBER_OBJECT_CONVERSION = YES_AGGRESSIVE;
				CLANG_CXX_LANGUAGE_STANDARD = "gnu++0x";
				CLANG_CXX_LIBRARY = "libc++";
				CLANG_ENABLE_MODULES = YES;
				CLANG_ENABLE_OBJC_ARC = YES;
				CLANG_WARN_BOOL_CONVERSION = YES;
				CLANG_WARN_CONSTANT_CONVERSION = YES;
				CLANG_WARN_DIRECT_OBJC_ISA_USAGE = YES_ERROR;
				CLANG_WARN_DOCUMENTATION_COMMENTS = YES;
				CLANG_WARN_EMPTY_BODY = YES;
				CLANG_WARN_ENUM_CONVERSION = YES;
				CLANG_WARN_INFINITE_RECURSION = YES;
				CLANG_WARN_INT_CONVERSION = YES;
				CLANG_WARN_OBJC_ROOT_CLASS = YES_ERROR;
				CLANG_WARN_SUSPICIOUS_MOVE = YES;
				CLANG_WARN_UNREACHABLE_CODE = YES;
				CLANG_WARN__DUPLICATE_METHOD_MATCH = YES;
				"CODE_SIGN_IDENTITY[sdk=iphoneos*]" = "iPhone Developer";
				COPY_PHASE_STRIP = NO;
				DEBUG_INFORMATION_FORMAT = "dwarf-with-dsym";
				ENABLE_NS_ASSERTIONS = NO;
				ENABLE_STRICT_OBJC_MSGSEND = YES;
				GCC_C_LANGUAGE_STANDARD = gnu99;
				GCC_NO_COMMON_BLOCKS = YES;
				GCC_WARN_64_TO_32_BIT_CONVERSION = YES;
				GCC_WARN_ABOUT_RETURN_TYPE = YES_ERROR;
				GCC_WARN_UNDECLARED_SELECTOR = YES;
				GCC_WARN_UNINITIALIZED_AUTOS = YES_AGGRESSIVE;
				GCC_WARN_UNUSED_FUNCTION = YES;
				GCC_WARN_UNUSED_VARIABLE = YES;
				IPHONEOS_DEPLOYMENT_TARGET = 10.3;
				MTL_ENABLE_DEBUG_INFO = NO;
				SDKROOT = iphoneos;
				SWIFT_OPTIMIZATION_LEVEL = "-Owholemodule";
				TARGETED_DEVICE_FAMILY = "1,2";
				VALIDATE_PRODUCT = YES;
			};
			name = Release;
		};
		DD6B6B331EF4EE3D00F3D1BC /* Debug */ = {
			isa = XCBuildConfiguration;
			buildSettings = {
				ASSETCATALOG_COMPILER_APPICON_NAME = AppIcon;
				INFOPLIST_FILE = "Crow Cam/Info.plist";
				LD_RUNPATH_SEARCH_PATHS = "$(inherited) @executable_path/Frameworks";
				PRODUCT_BUNDLE_IDENTIFIER = "com.Crow-Cam.Crow-Cam";
				PRODUCT_NAME = "$(TARGET_NAME)";
				SWIFT_VERSION = 3.0;
			};
			name = Debug;
		};
		DD6B6B341EF4EE3D00F3D1BC /* Release */ = {
			isa = XCBuildConfiguration;
			buildSettings = {
				ASSETCATALOG_COMPILER_APPICON_NAME = AppIcon;
				INFOPLIST_FILE = "Crow Cam/Info.plist";
				LD_RUNPATH_SEARCH_PATHS = "$(inherited) @executable_path/Frameworks";
				PRODUCT_BUNDLE_IDENTIFIER = "com.Crow-Cam.Crow-Cam";
				PRODUCT_NAME = "$(TARGET_NAME)";
				SWIFT_VERSION = 3.0;
			};
			name = Release;
		};
/* End XCBuildConfiguration section */

/* Begin XCConfigurationList section */
		DD6B6B1B1EF4EE3D00F3D1BC /* Build configuration list for PBXProject "Crow Cam" */ = {
			isa = XCConfigurationList;
			buildConfigurations = (
				DD6B6B301EF4EE3D00F3D1BC /* Debug */,
				DD6B6B311EF4EE3D00F3D1BC /* Release */,
			);
			defaultConfigurationIsVisible = 0;
			defaultConfigurationName = Release;
		};
		DD6B6B321EF4EE3D00F3D1BC /* Build configuration list for PBXNativeTarget "Crow Cam" */ = {
			isa = XCConfigurationList;
			buildConfigurations = (
				DD6B6B331EF4EE3D00F3D1BC /* Debug */,
				DD6B6B341EF4EE3D00F3D1BC /* Release */,
			);
			defaultConfigurationIsVisible = 0;
		};
/* End XCConfigurationList section */
	};
	rootObject = DD6B6B181EF4EE3D00F3D1BC /* Project object */;
}
